
Microsoft Visual Studio Solution File, Format Version 12.00
# Visual Studio Version 16
VisualStudioVersion = 16.0.29728.190
MinimumVisualStudioVersion = 10.0.40219.1
Project("{FAE04EC0-301F-11D3-BF4B-00C04F79EFBC}") = "Assignment2_CT_Spring2020", "Assignment2_CT_Spring2020\Assignment2_CT_Spring2020.csproj", "{525B9569-AFDF-4F5B-88DD-C223238455F2}"
EndProject
Global
	GlobalSection(SolutionConfigurationPlatforms) = preSolution
		Debug|Any CPU = Debug|Any CPU
		Release|Any CPU = Release|Any CPU
	EndGlobalSection
	GlobalSection(ProjectConfigurationPlatforms) = postSolution
		{525B9569-AFDF-4F5B-88DD-C223238455F2}.Debug|Any CPU.ActiveCfg = Debug|Any CPU
		{525B9569-AFDF-4F5B-88DD-C223238455F2}.Debug|Any CPU.Build.0 = Debug|Any CPU
		{525B9569-AFDF-4F5B-88DD-C223238455F2}.Release|Any CPU.ActiveCfg = Release|Any CPU
		{525B9569-AFDF-4F5B-88DD-C223238455F2}.Release|Any CPU.Build.0 = Release|Any CPU
	EndGlobalSection
	GlobalSection(SolutionProperties) = preSolution
		HideSolutionNode = FALSE
	EndGlobalSection
	GlobalSection(ExtensibilityGlobals) = postSolution
		SolutionGuid = {BA8F5CC6-2BEA-4256-9628-5690A9707E1A}
	EndGlobalSection
EndGlobal
